// !$*UTF8*$!
{
	archiveVersion = 1;
	classes = {
	};
	objectVersion = 56;
	objects = {

/* Begin PBXBuildFile section */
		C4C300032C3CD2CE00DE80F2 /* DispatchType.xib in Resources */ = {isa = PBXBuildFile; fileRef = C4C300022C3CD2CE00DE80F2 /* DispatchType.xib */; };
		C4C300052C3F257F00DE80F2 /* DispatchTypeCellCollectionViewCell.swift in Sources */ = {isa = PBXBuildFile; fileRef = C4C300042C3F257F00DE80F2 /* DispatchTypeCellCollectionViewCell.swift */; };
		C4C3BD602C18B66C00E16382 /* AppDelegate.swift in Sources */ = {isa = PBXBuildFile; fileRef = C4C3BD5F2C18B66C00E16382 /* AppDelegate.swift */; };
		C4C3BD622C18B66C00E16382 /* SceneDelegate.swift in Sources */ = {isa = PBXBuildFile; fileRef = C4C3BD612C18B66C00E16382 /* SceneDelegate.swift */; };
		C4C3BD642C18B66C00E16382 /* ViewController.swift in Sources */ = {isa = PBXBuildFile; fileRef = C4C3BD632C18B66C00E16382 /* ViewController.swift */; };
		C4C3BD672C18B66C00E16382 /* Base in Resources */ = {isa = PBXBuildFile; fileRef = C4C3BD662C18B66C00E16382 /* Base */; };
		C4C3BD692C18B66D00E16382 /* Assets.xcassets in Resources */ = {isa = PBXBuildFile; fileRef = C4C3BD682C18B66D00E16382 /* Assets.xcassets */; };
		C4C3BD6C2C18B66D00E16382 /* Base in Resources */ = {isa = PBXBuildFile; fileRef = C4C3BD6B2C18B66D00E16382 /* Base */; };
		C4C3FFF92C385AB900DE80F2 /* SenderNameAndPhoneView.swift in Sources */ = {isa = PBXBuildFile; fileRef = C4C3FFF82C385AB900DE80F2 /* SenderNameAndPhoneView.swift */; };
		C4C3FFFB2C3CB12800DE80F2 /* PreviewOrderViewController.swift in Sources */ = {isa = PBXBuildFile; fileRef = C4C3FFFA2C3CB12800DE80F2 /* PreviewOrderViewController.swift */; };
		C4C3FFFD2C3CD0AB00DE80F2 /* DispatchType.swift in Sources */ = {isa = PBXBuildFile; fileRef = C4C3FFFC2C3CD0AB00DE80F2 /* DispatchType.swift */; };
		C4EF9F4F2C1A1997005AB0CA /* GetStartedButton.swift in Sources */ = {isa = PBXBuildFile; fileRef = C4EF9F4E2C1A1997005AB0CA /* GetStartedButton.swift */; };
		C4EF9F532C1B6498005AB0CA /* UIView+Extension.swift in Sources */ = {isa = PBXBuildFile; fileRef = C4EF9F522C1B6498005AB0CA /* UIView+Extension.swift */; };
		C4EF9F552C1CF5D1005AB0CA /* AuthTabButton.swift in Sources */ = {isa = PBXBuildFile; fileRef = C4EF9F542C1CF5D1005AB0CA /* AuthTabButton.swift */; };
		C4EF9F572C1D1346005AB0CA /* AuthInputFields.swift in Sources */ = {isa = PBXBuildFile; fileRef = C4EF9F562C1D1346005AB0CA /* AuthInputFields.swift */; };
		C4EF9F5A2C1D3D1F005AB0CA /* ForgotPasswordController.swift in Sources */ = {isa = PBXBuildFile; fileRef = C4EF9F592C1D3D1F005AB0CA /* ForgotPasswordController.swift */; };
		C4EF9F5E2C1DEE4F005AB0CA /* SigninController.swift in Sources */ = {isa = PBXBuildFile; fileRef = C4EF9F5D2C1DEE4F005AB0CA /* SigninController.swift */; };
		C4EF9F602C22529C005AB0CA /* ResetPasswordController.swift in Sources */ = {isa = PBXBuildFile; fileRef = C4EF9F5F2C22529C005AB0CA /* ResetPasswordController.swift */; };
		C4EF9F622C2339D4005AB0CA /* SignUpController.swift in Sources */ = {isa = PBXBuildFile; fileRef = C4EF9F612C2339D4005AB0CA /* SignUpController.swift */; };
		C4EF9F642C24F2E5005AB0CA /* DashboardController.swift in Sources */ = {isa = PBXBuildFile; fileRef = C4EF9F632C24F2E5005AB0CA /* DashboardController.swift */; };
		C4EF9F662C25210B005AB0CA /* DispatchTypeTiles.swift in Sources */ = {isa = PBXBuildFile; fileRef = C4EF9F652C25210B005AB0CA /* DispatchTypeTiles.swift */; };
		C4EF9F682C25E048005AB0CA /* GradientCard.swift in Sources */ = {isa = PBXBuildFile; fileRef = C4EF9F672C25E048005AB0CA /* GradientCard.swift */; };
		C4EF9F6C2C26236F005AB0CA /* SideMenuViewController.swift in Sources */ = {isa = PBXBuildFile; fileRef = C4EF9F6B2C26236F005AB0CA /* SideMenuViewController.swift */; };
		C4EF9F6E2C275EEB005AB0CA /* SidebarMenuButton.swift in Sources */ = {isa = PBXBuildFile; fileRef = C4EF9F6D2C275EEB005AB0CA /* SidebarMenuButton.swift */; };
		C4EF9F722C2B4D19005AB0CA /* WhoIsSendingViewController.swift in Sources */ = {isa = PBXBuildFile; fileRef = C4EF9F712C2B4D19005AB0CA /* WhoIsSendingViewController.swift */; };
		C4EF9F772C2DEF3C005AB0CA /* RadioButton.swift in Sources */ = {isa = PBXBuildFile; fileRef = C4EF9F762C2DEF3C005AB0CA /* RadioButton.swift */; };
		C4EF9F792C2DEFDA005AB0CA /* RadioButtonStack.swift in Sources */ = {isa = PBXBuildFile; fileRef = C4EF9F782C2DEFDA005AB0CA /* RadioButtonStack.swift */; };
		C4EF9F7C2C2E2C3A005AB0CA /* DispatchTypeOptions.swift in Sources */ = {isa = PBXBuildFile; fileRef = C4EF9F7B2C2E2C3A005AB0CA /* DispatchTypeOptions.swift */; };
		C4EF9F7E2C32C3E0005AB0CA /* PickupScreenViewController.swift in Sources */ = {isa = PBXBuildFile; fileRef = C4EF9F7D2C32C3E0005AB0CA /* PickupScreenViewController.swift */; };
		C4EF9F802C32D409005AB0CA /* LocationTextInputView.swift in Sources */ = {isa = PBXBuildFile; fileRef = C4EF9F7F2C32D409005AB0CA /* LocationTextInputView.swift */; };
		C4EF9F822C330AD3005AB0CA /* TextViewWithBottomBorder.swift in Sources */ = {isa = PBXBuildFile; fileRef = C4EF9F812C330AD3005AB0CA /* TextViewWithBottomBorder.swift */; };
		FAE2008D2C419CBC00E347E0 /* BottomPopupDismissAnimator.swift in Sources */ = {isa = PBXBuildFile; fileRef = FAE2008C2C419CBC00E347E0 /* BottomPopupDismissAnimator.swift */; };
		FAE2008F2C419CDB00E347E0 /* BottomPopupDismissInteractionController.swift in Sources */ = {isa = PBXBuildFile; fileRef = FAE2008E2C419CDB00E347E0 /* BottomPopupDismissInteractionController.swift */; };
		FAE200912C419CF600E347E0 /* BottomPopupNavigationController.swift in Sources */ = {isa = PBXBuildFile; fileRef = FAE200902C419CF600E347E0 /* BottomPopupNavigationController.swift */; };
		FAE200932C419D1900E347E0 /* BottomPopupPresentAnimator.swift in Sources */ = {isa = PBXBuildFile; fileRef = FAE200922C419D1900E347E0 /* BottomPopupPresentAnimator.swift */; };
		FAE200952C419D3500E347E0 /* BottomPopupPresentationController.swift in Sources */ = {isa = PBXBuildFile; fileRef = FAE200942C419D3500E347E0 /* BottomPopupPresentationController.swift */; };
		FAE200972C419D6300E347E0 /* BottomPopupTransitionHandler.swift in Sources */ = {isa = PBXBuildFile; fileRef = FAE200962C419D6300E347E0 /* BottomPopupTransitionHandler.swift */; };
		FAE200992C419D8300E347E0 /* BottomPopupUtils.swift in Sources */ = {isa = PBXBuildFile; fileRef = FAE200982C419D8300E347E0 /* BottomPopupUtils.swift */; };
		FAE2009B2C419D9F00E347E0 /* BottomPopupViewController.swift in Sources */ = {isa = PBXBuildFile; fileRef = FAE2009A2C419D9F00E347E0 /* BottomPopupViewController.swift */; };
		FAE2009D2C419F2900E347E0 /* RequestSnackBarVC.swift in Sources */ = {isa = PBXBuildFile; fileRef = FAE2009C2C419F2900E347E0 /* RequestSnackBarVC.swift */; };
/* End PBXBuildFile section */

/* Begin PBXFileReference section */
		C4C300022C3CD2CE00DE80F2 /* DispatchType.xib */ = {isa = PBXFileReference; lastKnownFileType = file.xib; path = DispatchType.xib; sourceTree = "<group>"; };
		C4C300042C3F257F00DE80F2 /* DispatchTypeCellCollectionViewCell.swift */ = {isa = PBXFileReference; lastKnownFileType = sourcecode.swift; path = DispatchTypeCellCollectionViewCell.swift; sourceTree = "<group>"; };
		C4C3BD5C2C18B66C00E16382 /* Spatch.app */ = {isa = PBXFileReference; explicitFileType = wrapper.application; includeInIndex = 0; path = Spatch.app; sourceTree = BUILT_PRODUCTS_DIR; };
		C4C3BD5F2C18B66C00E16382 /* AppDelegate.swift */ = {isa = PBXFileReference; lastKnownFileType = sourcecode.swift; path = AppDelegate.swift; sourceTree = "<group>"; };
		C4C3BD612C18B66C00E16382 /* SceneDelegate.swift */ = {isa = PBXFileReference; lastKnownFileType = sourcecode.swift; path = SceneDelegate.swift; sourceTree = "<group>"; };
		C4C3BD632C18B66C00E16382 /* ViewController.swift */ = {isa = PBXFileReference; lastKnownFileType = sourcecode.swift; path = ViewController.swift; sourceTree = "<group>"; };
		C4C3BD662C18B66C00E16382 /* Base */ = {isa = PBXFileReference; lastKnownFileType = file.storyboard; name = Base; path = Base.lproj/Main.storyboard; sourceTree = "<group>"; };
		C4C3BD682C18B66D00E16382 /* Assets.xcassets */ = {isa = PBXFileReference; lastKnownFileType = folder.assetcatalog; path = Assets.xcassets; sourceTree = "<group>"; };
		C4C3BD6B2C18B66D00E16382 /* Base */ = {isa = PBXFileReference; lastKnownFileType = file.storyboard; name = Base; path = Base.lproj/LaunchScreen.storyboard; sourceTree = "<group>"; };
		C4C3BD6D2C18B66D00E16382 /* Info.plist */ = {isa = PBXFileReference; lastKnownFileType = text.plist.xml; path = Info.plist; sourceTree = "<group>"; };
		C4C3FFF82C385AB900DE80F2 /* SenderNameAndPhoneView.swift */ = {isa = PBXFileReference; lastKnownFileType = sourcecode.swift; path = SenderNameAndPhoneView.swift; sourceTree = "<group>"; };
		C4C3FFFA2C3CB12800DE80F2 /* PreviewOrderViewController.swift */ = {isa = PBXFileReference; lastKnownFileType = sourcecode.swift; path = PreviewOrderViewController.swift; sourceTree = "<group>"; };
		C4C3FFFC2C3CD0AB00DE80F2 /* DispatchType.swift */ = {isa = PBXFileReference; lastKnownFileType = sourcecode.swift; path = DispatchType.swift; sourceTree = "<group>"; };
		C4EF9F4E2C1A1997005AB0CA /* GetStartedButton.swift */ = {isa = PBXFileReference; lastKnownFileType = sourcecode.swift; path = GetStartedButton.swift; sourceTree = "<group>"; };
		C4EF9F522C1B6498005AB0CA /* UIView+Extension.swift */ = {isa = PBXFileReference; lastKnownFileType = sourcecode.swift; path = "UIView+Extension.swift"; sourceTree = "<group>"; };
		C4EF9F542C1CF5D1005AB0CA /* AuthTabButton.swift */ = {isa = PBXFileReference; lastKnownFileType = sourcecode.swift; path = AuthTabButton.swift; sourceTree = "<group>"; };
		C4EF9F562C1D1346005AB0CA /* AuthInputFields.swift */ = {isa = PBXFileReference; lastKnownFileType = sourcecode.swift; path = AuthInputFields.swift; sourceTree = "<group>"; };
		C4EF9F592C1D3D1F005AB0CA /* ForgotPasswordController.swift */ = {isa = PBXFileReference; lastKnownFileType = sourcecode.swift; path = ForgotPasswordController.swift; sourceTree = "<group>"; };
		C4EF9F5D2C1DEE4F005AB0CA /* SigninController.swift */ = {isa = PBXFileReference; lastKnownFileType = sourcecode.swift; path = SigninController.swift; sourceTree = "<group>"; };
		C4EF9F5F2C22529C005AB0CA /* ResetPasswordController.swift */ = {isa = PBXFileReference; lastKnownFileType = sourcecode.swift; path = ResetPasswordController.swift; sourceTree = "<group>"; };
		C4EF9F612C2339D4005AB0CA /* SignUpController.swift */ = {isa = PBXFileReference; lastKnownFileType = sourcecode.swift; path = SignUpController.swift; sourceTree = "<group>"; };
		C4EF9F632C24F2E5005AB0CA /* DashboardController.swift */ = {isa = PBXFileReference; lastKnownFileType = sourcecode.swift; path = DashboardController.swift; sourceTree = "<group>"; };
		C4EF9F652C25210B005AB0CA /* DispatchTypeTiles.swift */ = {isa = PBXFileReference; lastKnownFileType = sourcecode.swift; path = DispatchTypeTiles.swift; sourceTree = "<group>"; };
		C4EF9F672C25E048005AB0CA /* GradientCard.swift */ = {isa = PBXFileReference; lastKnownFileType = sourcecode.swift; path = GradientCard.swift; sourceTree = "<group>"; };
		C4EF9F6B2C26236F005AB0CA /* SideMenuViewController.swift */ = {isa = PBXFileReference; lastKnownFileType = sourcecode.swift; path = SideMenuViewController.swift; sourceTree = "<group>"; };
		C4EF9F6D2C275EEB005AB0CA /* SidebarMenuButton.swift */ = {isa = PBXFileReference; lastKnownFileType = sourcecode.swift; path = SidebarMenuButton.swift; sourceTree = "<group>"; };
		C4EF9F712C2B4D19005AB0CA /* WhoIsSendingViewController.swift */ = {isa = PBXFileReference; lastKnownFileType = sourcecode.swift; path = WhoIsSendingViewController.swift; sourceTree = "<group>"; };
		C4EF9F762C2DEF3C005AB0CA /* RadioButton.swift */ = {isa = PBXFileReference; lastKnownFileType = sourcecode.swift; path = RadioButton.swift; sourceTree = "<group>"; };
		C4EF9F782C2DEFDA005AB0CA /* RadioButtonStack.swift */ = {isa = PBXFileReference; lastKnownFileType = sourcecode.swift; path = RadioButtonStack.swift; sourceTree = "<group>"; };
		C4EF9F7B2C2E2C3A005AB0CA /* DispatchTypeOptions.swift */ = {isa = PBXFileReference; lastKnownFileType = sourcecode.swift; path = DispatchTypeOptions.swift; sourceTree = "<group>"; };
		C4EF9F7D2C32C3E0005AB0CA /* PickupScreenViewController.swift */ = {isa = PBXFileReference; lastKnownFileType = sourcecode.swift; path = PickupScreenViewController.swift; sourceTree = "<group>"; };
		C4EF9F7F2C32D409005AB0CA /* LocationTextInputView.swift */ = {isa = PBXFileReference; lastKnownFileType = sourcecode.swift; path = LocationTextInputView.swift; sourceTree = "<group>"; };
		C4EF9F812C330AD3005AB0CA /* TextViewWithBottomBorder.swift */ = {isa = PBXFileReference; lastKnownFileType = sourcecode.swift; path = TextViewWithBottomBorder.swift; sourceTree = "<group>"; };
		FAE2008C2C419CBC00E347E0 /* BottomPopupDismissAnimator.swift */ = {isa = PBXFileReference; lastKnownFileType = sourcecode.swift; path = BottomPopupDismissAnimator.swift; sourceTree = "<group>"; };
		FAE2008E2C419CDB00E347E0 /* BottomPopupDismissInteractionController.swift */ = {isa = PBXFileReference; lastKnownFileType = sourcecode.swift; path = BottomPopupDismissInteractionController.swift; sourceTree = "<group>"; };
		FAE200902C419CF600E347E0 /* BottomPopupNavigationController.swift */ = {isa = PBXFileReference; lastKnownFileType = sourcecode.swift; path = BottomPopupNavigationController.swift; sourceTree = "<group>"; };
		FAE200922C419D1900E347E0 /* BottomPopupPresentAnimator.swift */ = {isa = PBXFileReference; lastKnownFileType = sourcecode.swift; path = BottomPopupPresentAnimator.swift; sourceTree = "<group>"; };
		FAE200942C419D3500E347E0 /* BottomPopupPresentationController.swift */ = {isa = PBXFileReference; lastKnownFileType = sourcecode.swift; path = BottomPopupPresentationController.swift; sourceTree = "<group>"; };
		FAE200962C419D6300E347E0 /* BottomPopupTransitionHandler.swift */ = {isa = PBXFileReference; lastKnownFileType = sourcecode.swift; path = BottomPopupTransitionHandler.swift; sourceTree = "<group>"; };
		FAE200982C419D8300E347E0 /* BottomPopupUtils.swift */ = {isa = PBXFileReference; lastKnownFileType = sourcecode.swift; path = BottomPopupUtils.swift; sourceTree = "<group>"; };
		FAE2009A2C419D9F00E347E0 /* BottomPopupViewController.swift */ = {isa = PBXFileReference; lastKnownFileType = sourcecode.swift; path = BottomPopupViewController.swift; sourceTree = "<group>"; };
		FAE2009C2C419F2900E347E0 /* RequestSnackBarVC.swift */ = {isa = PBXFileReference; lastKnownFileType = sourcecode.swift; path = RequestSnackBarVC.swift; sourceTree = "<group>"; };
/* End PBXFileReference section */

/* Begin PBXFrameworksBuildPhase section */
		C4C3BD592C18B66C00E16382 /* Frameworks */ = {
			isa = PBXFrameworksBuildPhase;
			buildActionMask = 2147483647;
			files = (
			);
			runOnlyForDeploymentPostprocessing = 0;
		};
/* End PBXFrameworksBuildPhase section */

/* Begin PBXGroup section */
		C4C3BD532C18B66C00E16382 = {
			isa = PBXGroup;
			children = (
				C4C3BD5E2C18B66C00E16382 /* Spatch */,
				C4C3BD5D2C18B66C00E16382 /* Products */,
			);
			sourceTree = "<group>";
		};
		C4C3BD5D2C18B66C00E16382 /* Products */ = {
			isa = PBXGroup;
			children = (
				C4C3BD5C2C18B66C00E16382 /* Spatch.app */,
			);
			name = Products;
			sourceTree = "<group>";
		};
		C4C3BD5E2C18B66C00E16382 /* Spatch */ = {
			isa = PBXGroup;
			children = (
				C4EF9F7A2C2E2C21005AB0CA /* Model */,
				C4EF9F582C1D3CFC005AB0CA /* Controllers */,
				C4EF9F512C1B6467005AB0CA /* Extensions */,
				C4EF9F502C1B645B005AB0CA /* utility */,
				C4C3BD732C1A133400E16382 /* Custom Views */,
				C4C3BD5F2C18B66C00E16382 /* AppDelegate.swift */,
				C4C3BD612C18B66C00E16382 /* SceneDelegate.swift */,
				C4C3BD632C18B66C00E16382 /* ViewController.swift */,
				C4C3BD652C18B66C00E16382 /* Main.storyboard */,
				C4C3BD682C18B66D00E16382 /* Assets.xcassets */,
				C4C3BD6A2C18B66D00E16382 /* LaunchScreen.storyboard */,
				C4C3BD6D2C18B66D00E16382 /* Info.plist */,
			);
			path = Spatch;
			sourceTree = "<group>";
		};
		C4C3BD732C1A133400E16382 /* Custom Views */ = {
			isa = PBXGroup;
			children = (
				FAE2008B2C419C8C00E347E0 /* BottomPopUpController */,
				C4EF9F752C2DEF0C005AB0CA /* Radio Button */,
				C4EF9F4E2C1A1997005AB0CA /* GetStartedButton.swift */,
				C4EF9F542C1CF5D1005AB0CA /* AuthTabButton.swift */,
				C4EF9F562C1D1346005AB0CA /* AuthInputFields.swift */,
				C4EF9F652C25210B005AB0CA /* DispatchTypeTiles.swift */,
				C4EF9F672C25E048005AB0CA /* GradientCard.swift */,
				C4EF9F6D2C275EEB005AB0CA /* SidebarMenuButton.swift */,
				C4EF9F7F2C32D409005AB0CA /* LocationTextInputView.swift */,
				C4EF9F812C330AD3005AB0CA /* TextViewWithBottomBorder.swift */,
				C4C3FFF82C385AB900DE80F2 /* SenderNameAndPhoneView.swift */,
				C4C300022C3CD2CE00DE80F2 /* DispatchType.xib */,
				C4C300042C3F257F00DE80F2 /* DispatchTypeCellCollectionViewCell.swift */,
			);
			path = "Custom Views";
			sourceTree = "<group>";
		};
		C4EF9F502C1B645B005AB0CA /* utility */ = {
			isa = PBXGroup;
			children = (
			);
			path = utility;
			sourceTree = "<group>";
		};
		C4EF9F512C1B6467005AB0CA /* Extensions */ = {
			isa = PBXGroup;
			children = (
				C4EF9F522C1B6498005AB0CA /* UIView+Extension.swift */,
			);
			path = Extensions;
			sourceTree = "<group>";
		};
		C4EF9F582C1D3CFC005AB0CA /* Controllers */ = {
			isa = PBXGroup;
			children = (
				C4EF9F592C1D3D1F005AB0CA /* ForgotPasswordController.swift */,
				C4EF9F5D2C1DEE4F005AB0CA /* SigninController.swift */,
				C4EF9F5F2C22529C005AB0CA /* ResetPasswordController.swift */,
				C4EF9F612C2339D4005AB0CA /* SignUpController.swift */,
				C4EF9F632C24F2E5005AB0CA /* DashboardController.swift */,
				C4EF9F6B2C26236F005AB0CA /* SideMenuViewController.swift */,
				C4EF9F712C2B4D19005AB0CA /* WhoIsSendingViewController.swift */,
				C4EF9F7D2C32C3E0005AB0CA /* PickupScreenViewController.swift */,
				C4C3FFFA2C3CB12800DE80F2 /* PreviewOrderViewController.swift */,
				FAE2009C2C419F2900E347E0 /* RequestSnackBarVC.swift */,
			);
			path = Controllers;
			sourceTree = "<group>";
		};
		C4EF9F752C2DEF0C005AB0CA /* Radio Button */ = {
			isa = PBXGroup;
			children = (
				C4EF9F762C2DEF3C005AB0CA /* RadioButton.swift */,
				C4EF9F782C2DEFDA005AB0CA /* RadioButtonStack.swift */,
			);
			path = "Radio Button";
			sourceTree = "<group>";
		};
		C4EF9F7A2C2E2C21005AB0CA /* Model */ = {
			isa = PBXGroup;
			children = (
				C4EF9F7B2C2E2C3A005AB0CA /* DispatchTypeOptions.swift */,
				C4C3FFFC2C3CD0AB00DE80F2 /* DispatchType.swift */,
			);
			path = Model;
			sourceTree = "<group>";
		};
		FAE2008B2C419C8C00E347E0 /* BottomPopUpController */ = {
			isa = PBXGroup;
			children = (
				FAE2008C2C419CBC00E347E0 /* BottomPopupDismissAnimator.swift */,
				FAE2008E2C419CDB00E347E0 /* BottomPopupDismissInteractionController.swift */,
				FAE200902C419CF600E347E0 /* BottomPopupNavigationController.swift */,
				FAE200922C419D1900E347E0 /* BottomPopupPresentAnimator.swift */,
				FAE200942C419D3500E347E0 /* BottomPopupPresentationController.swift */,
				FAE200962C419D6300E347E0 /* BottomPopupTransitionHandler.swift */,
				FAE200982C419D8300E347E0 /* BottomPopupUtils.swift */,
				FAE2009A2C419D9F00E347E0 /* BottomPopupViewController.swift */,
			);
			path = BottomPopUpController;
			sourceTree = "<group>";
		};
/* End PBXGroup section */

/* Begin PBXNativeTarget section */
		C4C3BD5B2C18B66C00E16382 /* Spatch */ = {
			isa = PBXNativeTarget;
			buildConfigurationList = C4C3BD702C18B66D00E16382 /* Build configuration list for PBXNativeTarget "Spatch" */;
			buildPhases = (
				C4C3BD582C18B66C00E16382 /* Sources */,
				C4C3BD592C18B66C00E16382 /* Frameworks */,
				C4C3BD5A2C18B66C00E16382 /* Resources */,
			);
			buildRules = (
			);
			dependencies = (
			);
			name = Spatch;
			productName = Spatch;
			productReference = C4C3BD5C2C18B66C00E16382 /* Spatch.app */;
			productType = "com.apple.product-type.application";
		};
/* End PBXNativeTarget section */

/* Begin PBXProject section */
		C4C3BD542C18B66C00E16382 /* Project object */ = {
			isa = PBXProject;
			attributes = {
				BuildIndependentTargetsInParallel = 1;
				LastSwiftUpdateCheck = 1540;
				LastUpgradeCheck = 1540;
				TargetAttributes = {
					C4C3BD5B2C18B66C00E16382 = {
						CreatedOnToolsVersion = 15.4;
					};
				};
			};
			buildConfigurationList = C4C3BD572C18B66C00E16382 /* Build configuration list for PBXProject "Spatch" */;
			compatibilityVersion = "Xcode 14.0";
			developmentRegion = en;
			hasScannedForEncodings = 0;
			knownRegions = (
				en,
				Base,
			);
			mainGroup = C4C3BD532C18B66C00E16382;
			productRefGroup = C4C3BD5D2C18B66C00E16382 /* Products */;
			projectDirPath = "";
			projectRoot = "";
			targets = (
				C4C3BD5B2C18B66C00E16382 /* Spatch */,
			);
		};
/* End PBXProject section */

/* Begin PBXResourcesBuildPhase section */
		C4C3BD5A2C18B66C00E16382 /* Resources */ = {
			isa = PBXResourcesBuildPhase;
			buildActionMask = 2147483647;
			files = (
				C4C300032C3CD2CE00DE80F2 /* DispatchType.xib in Resources */,
				C4C3BD692C18B66D00E16382 /* Assets.xcassets in Resources */,
				C4C3BD6C2C18B66D00E16382 /* Base in Resources */,
				C4C3BD672C18B66C00E16382 /* Base in Resources */,
			);
			runOnlyForDeploymentPostprocessing = 0;
		};
/* End PBXResourcesBuildPhase section */

/* Begin PBXSourcesBuildPhase section */
		C4C3BD582C18B66C00E16382 /* Sources */ = {
			isa = PBXSourcesBuildPhase;
			buildActionMask = 2147483647;
			files = (
				C4EF9F662C25210B005AB0CA /* DispatchTypeTiles.swift in Sources */,
				C4C3FFF92C385AB900DE80F2 /* SenderNameAndPhoneView.swift in Sources */,
				C4EF9F4F2C1A1997005AB0CA /* GetStartedButton.swift in Sources */,
				C4EF9F552C1CF5D1005AB0CA /* AuthTabButton.swift in Sources */,
				C4EF9F572C1D1346005AB0CA /* AuthInputFields.swift in Sources */,
				C4C3BD642C18B66C00E16382 /* ViewController.swift in Sources */,
				FAE200932C419D1900E347E0 /* BottomPopupPresentAnimator.swift in Sources */,
				C4EF9F642C24F2E5005AB0CA /* DashboardController.swift in Sources */,
				FAE2008F2C419CDB00E347E0 /* BottomPopupDismissInteractionController.swift in Sources */,
				C4C3FFFD2C3CD0AB00DE80F2 /* DispatchType.swift in Sources */,
				C4EF9F5A2C1D3D1F005AB0CA /* ForgotPasswordController.swift in Sources */,
				FAE200952C419D3500E347E0 /* BottomPopupPresentationController.swift in Sources */,
				C4EF9F772C2DEF3C005AB0CA /* RadioButton.swift in Sources */,
				C4EF9F7C2C2E2C3A005AB0CA /* DispatchTypeOptions.swift in Sources */,
				C4EF9F682C25E048005AB0CA /* GradientCard.swift in Sources */,
				C4EF9F722C2B4D19005AB0CA /* WhoIsSendingViewController.swift in Sources */,
				FAE200972C419D6300E347E0 /* BottomPopupTransitionHandler.swift in Sources */,
				C4C3FFFB2C3CB12800DE80F2 /* PreviewOrderViewController.swift in Sources */,
				FAE2008D2C419CBC00E347E0 /* BottomPopupDismissAnimator.swift in Sources */,
				C4C3BD602C18B66C00E16382 /* AppDelegate.swift in Sources */,
				C4EF9F792C2DEFDA005AB0CA /* RadioButtonStack.swift in Sources */,
				FAE2009B2C419D9F00E347E0 /* BottomPopupViewController.swift in Sources */,
				C4EF9F532C1B6498005AB0CA /* UIView+Extension.swift in Sources */,
				FAE200912C419CF600E347E0 /* BottomPopupNavigationController.swift in Sources */,
				C4EF9F7E2C32C3E0005AB0CA /* PickupScreenViewController.swift in Sources */,
				C4EF9F5E2C1DEE4F005AB0CA /* SigninController.swift in Sources */,
				FAE200992C419D8300E347E0 /* BottomPopupUtils.swift in Sources */,
				C4EF9F822C330AD3005AB0CA /* TextViewWithBottomBorder.swift in Sources */,
				C4EF9F602C22529C005AB0CA /* ResetPasswordController.swift in Sources */,
				FAE2009D2C419F2900E347E0 /* RequestSnackBarVC.swift in Sources */,
				C4EF9F802C32D409005AB0CA /* LocationTextInputView.swift in Sources */,
				C4EF9F622C2339D4005AB0CA /* SignUpController.swift in Sources */,
				C4EF9F6E2C275EEB005AB0CA /* SidebarMenuButton.swift in Sources */,
				C4EF9F6C2C26236F005AB0CA /* SideMenuViewController.swift in Sources */,
				C4C3BD622C18B66C00E16382 /* SceneDelegate.swift in Sources */,
				C4C300052C3F257F00DE80F2 /* DispatchTypeCellCollectionViewCell.swift in Sources */,
			);
			runOnlyForDeploymentPostprocessing = 0;
		};
/* End PBXSourcesBuildPhase section */

/* Begin PBXVariantGroup section */
		C4C3BD652C18B66C00E16382 /* Main.storyboard */ = {
			isa = PBXVariantGroup;
			children = (
				C4C3BD662C18B66C00E16382 /* Base */,
			);
			name = Main.storyboard;
			sourceTree = "<group>";
		};
		C4C3BD6A2C18B66D00E16382 /* LaunchScreen.storyboard */ = {
			isa = PBXVariantGroup;
			children = (
				C4C3BD6B2C18B66D00E16382 /* Base */,
			);
			name = LaunchScreen.storyboard;
			sourceTree = "<group>";
		};
/* End PBXVariantGroup section */

/* Begin XCBuildConfiguration section */
		C4C3BD6E2C18B66D00E16382 /* Debug */ = {
			isa = XCBuildConfiguration;
			buildSettings = {
				ALWAYS_SEARCH_USER_PATHS = NO;
				ASSETCATALOG_COMPILER_GENERATE_SWIFT_ASSET_SYMBOL_EXTENSIONS = YES;
				CLANG_ANALYZER_NONNULL = YES;
				CLANG_ANALYZER_NUMBER_OBJECT_CONVERSION = YES_AGGRESSIVE;
				CLANG_CXX_LANGUAGE_STANDARD = "gnu++20";
				CLANG_ENABLE_MODULES = YES;
				CLANG_ENABLE_OBJC_ARC = YES;
				CLANG_ENABLE_OBJC_WEAK = YES;
				CLANG_WARN_BLOCK_CAPTURE_AUTORELEASING = YES;
				CLANG_WARN_BOOL_CONVERSION = YES;
				CLANG_WARN_COMMA = YES;
				CLANG_WARN_CONSTANT_CONVERSION = YES;
				CLANG_WARN_DEPRECATED_OBJC_IMPLEMENTATIONS = YES;
				CLANG_WARN_DIRECT_OBJC_ISA_USAGE = YES_ERROR;
				CLANG_WARN_DOCUMENTATION_COMMENTS = YES;
				CLANG_WARN_EMPTY_BODY = YES;
				CLANG_WARN_ENUM_CONVERSION = YES;
				CLANG_WARN_INFINITE_RECURSION = YES;
				CLANG_WARN_INT_CONVERSION = YES;
				CLANG_WARN_NON_LITERAL_NULL_CONVERSION = YES;
				CLANG_WARN_OBJC_IMPLICIT_RETAIN_SELF = YES;
				CLANG_WARN_OBJC_LITERAL_CONVERSION = YES;
				CLANG_WARN_OBJC_ROOT_CLASS = YES_ERROR;
				CLANG_WARN_QUOTED_INCLUDE_IN_FRAMEWORK_HEADER = YES;
				CLANG_WARN_RANGE_LOOP_ANALYSIS = YES;
				CLANG_WARN_STRICT_PROTOTYPES = YES;
				CLANG_WARN_SUSPICIOUS_MOVE = YES;
				CLANG_WARN_UNGUARDED_AVAILABILITY = YES_AGGRESSIVE;
				CLANG_WARN_UNREACHABLE_CODE = YES;
				CLANG_WARN__DUPLICATE_METHOD_MATCH = YES;
				COPY_PHASE_STRIP = NO;
				DEBUG_INFORMATION_FORMAT = dwarf;
				ENABLE_STRICT_OBJC_MSGSEND = YES;
				ENABLE_TESTABILITY = YES;
				ENABLE_USER_SCRIPT_SANDBOXING = YES;
				GCC_C_LANGUAGE_STANDARD = gnu17;
				GCC_DYNAMIC_NO_PIC = NO;
				GCC_NO_COMMON_BLOCKS = YES;
				GCC_OPTIMIZATION_LEVEL = 0;
				GCC_PREPROCESSOR_DEFINITIONS = (
					"DEBUG=1",
					"$(inherited)",
				);
				GCC_WARN_64_TO_32_BIT_CONVERSION = YES;
				GCC_WARN_ABOUT_RETURN_TYPE = YES_ERROR;
				GCC_WARN_UNDECLARED_SELECTOR = YES;
				GCC_WARN_UNINITIALIZED_AUTOS = YES_AGGRESSIVE;
				GCC_WARN_UNUSED_FUNCTION = YES;
				GCC_WARN_UNUSED_VARIABLE = YES;
				IPHONEOS_DEPLOYMENT_TARGET = 17.5;
				LOCALIZATION_PREFERS_STRING_CATALOGS = YES;
				MTL_ENABLE_DEBUG_INFO = INCLUDE_SOURCE;
				MTL_FAST_MATH = YES;
				ONLY_ACTIVE_ARCH = YES;
				SDKROOT = iphoneos;
				SWIFT_ACTIVE_COMPILATION_CONDITIONS = "DEBUG $(inherited)";
				SWIFT_OPTIMIZATION_LEVEL = "-Onone";
			};
			name = Debug;
		};
		C4C3BD6F2C18B66D00E16382 /* Release */ = {
			isa = XCBuildConfiguration;
			buildSettings = {
				ALWAYS_SEARCH_USER_PATHS = NO;
				ASSETCATALOG_COMPILER_GENERATE_SWIFT_ASSET_SYMBOL_EXTENSIONS = YES;
				CLANG_ANALYZER_NONNULL = YES;
				CLANG_ANALYZER_NUMBER_OBJECT_CONVERSION = YES_AGGRESSIVE;
				CLANG_CXX_LANGUAGE_STANDARD = "gnu++20";
				CLANG_ENABLE_MODULES = YES;
				CLANG_ENABLE_OBJC_ARC = YES;
				CLANG_ENABLE_OBJC_WEAK = YES;
				CLANG_WARN_BLOCK_CAPTURE_AUTORELEASING = YES;
				CLANG_WARN_BOOL_CONVERSION = YES;
				CLANG_WARN_COMMA = YES;
				CLANG_WARN_CONSTANT_CONVERSION = YES;
				CLANG_WARN_DEPRECATED_OBJC_IMPLEMENTATIONS = YES;
				CLANG_WARN_DIRECT_OBJC_ISA_USAGE = YES_ERROR;
				CLANG_WARN_DOCUMENTATION_COMMENTS = YES;
				CLANG_WARN_EMPTY_BODY = YES;
				CLANG_WARN_ENUM_CONVERSION = YES;
				CLANG_WARN_INFINITE_RECURSION = YES;
				CLANG_WARN_INT_CONVERSION = YES;
				CLANG_WARN_NON_LITERAL_NULL_CONVERSION = YES;
				CLANG_WARN_OBJC_IMPLICIT_RETAIN_SELF = YES;
				CLANG_WARN_OBJC_LITERAL_CONVERSION = YES;
				CLANG_WARN_OBJC_ROOT_CLASS = YES_ERROR;
				CLANG_WARN_QUOTED_INCLUDE_IN_FRAMEWORK_HEADER = YES;
				CLANG_WARN_RANGE_LOOP_ANALYSIS = YES;
				CLANG_WARN_STRICT_PROTOTYPES = YES;
				CLANG_WARN_SUSPICIOUS_MOVE = YES;
				CLANG_WARN_UNGUARDED_AVAILABILITY = YES_AGGRESSIVE;
				CLANG_WARN_UNREACHABLE_CODE = YES;
				CLANG_WARN__DUPLICATE_METHOD_MATCH = YES;
				COPY_PHASE_STRIP = NO;
				DEBUG_INFORMATION_FORMAT = "dwarf-with-dsym";
				ENABLE_NS_ASSERTIONS = NO;
				ENABLE_STRICT_OBJC_MSGSEND = YES;
				ENABLE_USER_SCRIPT_SANDBOXING = YES;
				GCC_C_LANGUAGE_STANDARD = gnu17;
				GCC_NO_COMMON_BLOCKS = YES;
				GCC_WARN_64_TO_32_BIT_CONVERSION = YES;
				GCC_WARN_ABOUT_RETURN_TYPE = YES_ERROR;
				GCC_WARN_UNDECLARED_SELECTOR = YES;
				GCC_WARN_UNINITIALIZED_AUTOS = YES_AGGRESSIVE;
				GCC_WARN_UNUSED_FUNCTION = YES;
				GCC_WARN_UNUSED_VARIABLE = YES;
				IPHONEOS_DEPLOYMENT_TARGET = 17.5;
				LOCALIZATION_PREFERS_STRING_CATALOGS = YES;
				MTL_ENABLE_DEBUG_INFO = NO;
				MTL_FAST_MATH = YES;
				SDKROOT = iphoneos;
				SWIFT_COMPILATION_MODE = wholemodule;
				VALIDATE_PRODUCT = YES;
			};
			name = Release;
		};
		C4C3BD712C18B66D00E16382 /* Debug */ = {
			isa = XCBuildConfiguration;
			buildSettings = {
				ASSETCATALOG_COMPILER_APPICON_NAME = AppIcon;
				ASSETCATALOG_COMPILER_GLOBAL_ACCENT_COLOR_NAME = AccentColor;
				CODE_SIGN_STYLE = Automatic;
				CURRENT_PROJECT_VERSION = 1;
				GENERATE_INFOPLIST_FILE = YES;
				INFOPLIST_FILE = Spatch/Info.plist;
				INFOPLIST_KEY_UIApplicationSupportsIndirectInputEvents = YES;
				INFOPLIST_KEY_UILaunchStoryboardName = LaunchScreen;
				INFOPLIST_KEY_UIMainStoryboardFile = Main;
				INFOPLIST_KEY_UISupportedInterfaceOrientations_iPad = "UIInterfaceOrientationPortrait UIInterfaceOrientationPortraitUpsideDown UIInterfaceOrientationLandscapeLeft UIInterfaceOrientationLandscapeRight";
				INFOPLIST_KEY_UISupportedInterfaceOrientations_iPhone = "UIInterfaceOrientationPortrait UIInterfaceOrientationLandscapeLeft UIInterfaceOrientationLandscapeRight";
				LD_RUNPATH_SEARCH_PATHS = (
					"$(inherited)",
					"@executable_path/Frameworks",
				);
				MARKETING_VERSION = 1.0;
				PRODUCT_BUNDLE_IDENTIFIER = com.forestsoftware.Spatch;
				PRODUCT_NAME = "$(TARGET_NAME)";
				SWIFT_EMIT_LOC_STRINGS = YES;
				SWIFT_VERSION = 5.0;
				TARGETED_DEVICE_FAMILY = "1,2";
			};
			name = Debug;
		};
		C4C3BD722C18B66D00E16382 /* Release */ = {
			isa = XCBuildConfiguration;
			buildSettings = {
				ASSETCATALOG_COMPILER_APPICON_NAME = AppIcon;
				ASSETCATALOG_COMPILER_GLOBAL_ACCENT_COLOR_NAME = AccentColor;
				CODE_SIGN_STYLE = Automatic;
				CURRENT_PROJECT_VERSION = 1;
				GENERATE_INFOPLIST_FILE = YES;
				INFOPLIST_FILE = Spatch/Info.plist;
				INFOPLIST_KEY_UIApplicationSupportsIndirectInputEvents = YES;
				INFOPLIST_KEY_UILaunchStoryboardName = LaunchScreen;
				INFOPLIST_KEY_UIMainStoryboardFile = Main;
				INFOPLIST_KEY_UISupportedInterfaceOrientations_iPad = "UIInterfaceOrientationPortrait UIInterfaceOrientationPortraitUpsideDown UIInterfaceOrientationLandscapeLeft UIInterfaceOrientationLandscapeRight";
				INFOPLIST_KEY_UISupportedInterfaceOrientations_iPhone = "UIInterfaceOrientationPortrait UIInterfaceOrientationLandscapeLeft UIInterfaceOrientationLandscapeRight";
				LD_RUNPATH_SEARCH_PATHS = (
					"$(inherited)",
					"@executable_path/Frameworks",
				);
				MARKETING_VERSION = 1.0;
				PRODUCT_BUNDLE_IDENTIFIER = com.forestsoftware.Spatch;
				PRODUCT_NAME = "$(TARGET_NAME)";
				SWIFT_EMIT_LOC_STRINGS = YES;
				SWIFT_VERSION = 5.0;
				TARGETED_DEVICE_FAMILY = "1,2";
			};
			name = Release;
		};
/* End XCBuildConfiguration section */

/* Begin XCConfigurationList section */
		C4C3BD572C18B66C00E16382 /* Build configuration list for PBXProject "Spatch" */ = {
			isa = XCConfigurationList;
			buildConfigurations = (
				C4C3BD6E2C18B66D00E16382 /* Debug */,
				C4C3BD6F2C18B66D00E16382 /* Release */,
			);
			defaultConfigurationIsVisible = 0;
			defaultConfigurationName = Release;
		};
		C4C3BD702C18B66D00E16382 /* Build configuration list for PBXNativeTarget "Spatch" */ = {
			isa = XCConfigurationList;
			buildConfigurations = (
				C4C3BD712C18B66D00E16382 /* Debug */,
				C4C3BD722C18B66D00E16382 /* Release */,
			);
			defaultConfigurationIsVisible = 0;
			defaultConfigurationName = Release;
		};
/* End XCConfigurationList section */
	};
	rootObject = C4C3BD542C18B66C00E16382 /* Project object */;
}
